// !$*UTF8*$!
{
	archiveVersion = 1;
	classes = {
	};
	objectVersion = 50;
	objects = {

/* Begin PBXBuildFile section */
		448301AB248658E000219659 /* AppDelegate.swift in Sources */ = {isa = PBXBuildFile; fileRef = 448301AA248658E000219659 /* AppDelegate.swift */; };
		448301AD248658E000219659 /* SceneDelegate.swift in Sources */ = {isa = PBXBuildFile; fileRef = 448301AC248658E000219659 /* SceneDelegate.swift */; };
		448301B4248658E600219659 /* Assets.xcassets in Resources */ = {isa = PBXBuildFile; fileRef = 448301B3248658E600219659 /* Assets.xcassets */; };
		448301B7248658E600219659 /* LaunchScreen.storyboard in Resources */ = {isa = PBXBuildFile; fileRef = 448301B5248658E600219659 /* LaunchScreen.storyboard */; };
		448301C12486598A00219659 /* PageTabViewController.swift in Sources */ = {isa = PBXBuildFile; fileRef = 448301C02486598A00219659 /* PageTabViewController.swift */; };
		448301C324865A9F00219659 /* SelectionView.swift in Sources */ = {isa = PBXBuildFile; fileRef = 448301C224865A9F00219659 /* SelectionView.swift */; };
		448301C524865C2D00219659 /* SelectionCollectionViewCell.swift in Sources */ = {isa = PBXBuildFile; fileRef = 448301C424865C2D00219659 /* SelectionCollectionViewCell.swift */; };
		448301C724867CAF00219659 /* TabDetailContentCollectionViewCell.swift in Sources */ = {isa = PBXBuildFile; fileRef = 448301C624867CAF00219659 /* TabDetailContentCollectionViewCell.swift */; };
/* End PBXBuildFile section */

/* Begin PBXFileReference section */
		448301A7248658E000219659 /* page_tab_ios.app */ = {isa = PBXFileReference; explicitFileType = wrapper.application; includeInIndex = 0; path = page_tab_ios.app; sourceTree = BUILT_PRODUCTS_DIR; };
		448301AA248658E000219659 /* AppDelegate.swift */ = {isa = PBXFileReference; lastKnownFileType = sourcecode.swift; path = AppDelegate.swift; sourceTree = "<group>"; };
		448301AC248658E000219659 /* SceneDelegate.swift */ = {isa = PBXFileReference; lastKnownFileType = sourcecode.swift; path = SceneDelegate.swift; sourceTree = "<group>"; };
		448301B3248658E600219659 /* Assets.xcassets */ = {isa = PBXFileReference; lastKnownFileType = folder.assetcatalog; path = Assets.xcassets; sourceTree = "<group>"; };
		448301B6248658E600219659 /* Base */ = {isa = PBXFileReference; lastKnownFileType = file.storyboard; name = Base; path = Base.lproj/LaunchScreen.storyboard; sourceTree = "<group>"; };
		448301B8248658E600219659 /* Info.plist */ = {isa = PBXFileReference; lastKnownFileType = text.plist.xml; path = Info.plist; sourceTree = "<group>"; };
		448301C02486598A00219659 /* PageTabViewController.swift */ = {isa = PBXFileReference; lastKnownFileType = sourcecode.swift; path = PageTabViewController.swift; sourceTree = "<group>"; };
		448301C224865A9F00219659 /* SelectionView.swift */ = {isa = PBXFileReference; lastKnownFileType = sourcecode.swift; path = SelectionView.swift; sourceTree = "<group>"; };
		448301C424865C2D00219659 /* SelectionCollectionViewCell.swift */ = {isa = PBXFileReference; lastKnownFileType = sourcecode.swift; path = SelectionCollectionViewCell.swift; sourceTree = "<group>"; };
		448301C624867CAF00219659 /* TabDetailContentCollectionViewCell.swift */ = {isa = PBXFileReference; lastKnownFileType = sourcecode.swift; path = TabDetailContentCollectionViewCell.swift; sourceTree = "<group>"; };
/* End PBXFileReference section */

/* Begin PBXFrameworksBuildPhase section */
		448301A4248658E000219659 /* Frameworks */ = {
			isa = PBXFrameworksBuildPhase;
			buildActionMask = 2147483647;
			files = (
			);
			runOnlyForDeploymentPostprocessing = 0;
		};
/* End PBXFrameworksBuildPhase section */

/* Begin PBXGroup section */
		4483019E248658E000219659 = {
			isa = PBXGroup;
			children = (
				448301A9248658E000219659 /* page_tab_ios */,
				448301A8248658E000219659 /* Products */,
			);
			sourceTree = "<group>";
		};
		448301A8248658E000219659 /* Products */ = {
			isa = PBXGroup;
			children = (
				448301A7248658E000219659 /* page_tab_ios.app */,
			);
			name = Products;
			sourceTree = "<group>";
		};
		448301A9248658E000219659 /* page_tab_ios */ = {
			isa = PBXGroup;
			children = (
				448301BF2486594600219659 /* Controller */,
				448301BE2486593C00219659 /* View */,
				448301AA248658E000219659 /* AppDelegate.swift */,
				448301AC248658E000219659 /* SceneDelegate.swift */,
				448301B3248658E600219659 /* Assets.xcassets */,
				448301B5248658E600219659 /* LaunchScreen.storyboard */,
				448301B8248658E600219659 /* Info.plist */,
			);
			path = page_tab_ios;
			sourceTree = "<group>";
		};
		448301BE2486593C00219659 /* View */ = {
			isa = PBXGroup;
			children = (
				448301C224865A9F00219659 /* SelectionView.swift */,
				448301C424865C2D00219659 /* SelectionCollectionViewCell.swift */,
				448301C624867CAF00219659 /* TabDetailContentCollectionViewCell.swift */,
			);
			path = View;
			sourceTree = "<group>";
		};
		448301BF2486594600219659 /* Controller */ = {
			isa = PBXGroup;
			children = (
				448301C02486598A00219659 /* PageTabViewController.swift */,
			);
			path = Controller;
			sourceTree = "<group>";
		};
/* End PBXGroup section */

/* Begin PBXNativeTarget section */
		448301A6248658E000219659 /* page_tab_ios */ = {
			isa = PBXNativeTarget;
			buildConfigurationList = 448301BB248658E600219659 /* Build configuration list for PBXNativeTarget "page_tab_ios" */;
			buildPhases = (
				448301A3248658E000219659 /* Sources */,
				448301A4248658E000219659 /* Frameworks */,
				448301A5248658E000219659 /* Resources */,
			);
			buildRules = (
			);
			dependencies = (
			);
			name = page_tab_ios;
			productName = page_tab_ios;
			productReference = 448301A7248658E000219659 /* page_tab_ios.app */;
			productType = "com.apple.product-type.application";
		};
/* End PBXNativeTarget section */

/* Begin PBXProject section */
		4483019F248658E000219659 /* Project object */ = {
			isa = PBXProject;
			attributes = {
				LastSwiftUpdateCheck = 1100;
				LastUpgradeCheck = 1100;
				ORGANIZATIONNAME = "Dheeraj Kumar Sharma";
				TargetAttributes = {
					448301A6248658E000219659 = {
						CreatedOnToolsVersion = 11.0;
					};
				};
			};
			buildConfigurationList = 448301A2248658E000219659 /* Build configuration list for PBXProject "page_tab_ios" */;
			compatibilityVersion = "Xcode 9.3";
			developmentRegion = en;
			hasScannedForEncodings = 0;
			knownRegions = (
				en,
				Base,
			);
			mainGroup = 4483019E248658E000219659;
			productRefGroup = 448301A8248658E000219659 /* Products */;
			projectDirPath = "";
			projectRoot = "";
			targets = (
				448301A6248658E000219659 /* page_tab_ios */,
			);
		};
/* End PBXProject section */

/* Begin PBXResourcesBuildPhase section */
		448301A5248658E000219659 /* Resources */ = {
			isa = PBXResourcesBuildPhase;
			buildActionMask = 2147483647;
			files = (
				448301B7248658E600219659 /* LaunchScreen.storyboard in Resources */,
				448301B4248658E600219659 /* Assets.xcassets in Resources */,
			);
			runOnlyForDeploymentPostprocessing = 0;
		};
/* End PBXResourcesBuildPhase section */

/* Begin PBXSourcesBuildPhase section */
		448301A3248658E000219659 /* Sources */ = {
			isa = PBXSourcesBuildPhase;
			buildActionMask = 2147483647;
			files = (
				448301C12486598A00219659 /* PageTabViewController.swift in Sources */,
				448301AB248658E000219659 /* AppDelegate.swift in Sources */,
				448301AD248658E000219659 /* SceneDelegate.swift in Sources */,
				448301C524865C2D00219659 /* SelectionCollectionViewCell.swift in Sources */,
				448301C324865A9F00219659 /* SelectionView.swift in Sources */,
				448301C724867CAF00219659 /* TabDetailContentCollectionViewCell.swift in Sources */,
			);
			runOnlyForDeploymentPostprocessing = 0;
		};
/* End PBXSourcesBuildPhase section */

/* Begin PBXVariantGroup section */
		448301B5248658E600219659 /* LaunchScreen.storyboard */ = {
			isa = PBXVariantGroup;
			children = (
				448301B6248658E600219659 /* Base */,
			);
			name = LaunchScreen.storyboard;
			sourceTree = "<group>";
		};
/* End PBXVariantGroup section */

/* Begin XCBuildConfiguration section */
		448301B9248658E600219659 /* Debug */ = {
			isa = XCBuildConfiguration;
			buildSettings = {
				ALWAYS_SEARCH_USER_PATHS = NO;
				CLANG_ANALYZER_NONNULL = YES;
				CLANG_ANALYZER_NUMBER_OBJECT_CONVERSION = YES_AGGRESSIVE;
				CLANG_CXX_LANGUAGE_STANDARD = "gnu++14";
				CLANG_CXX_LIBRARY = "libc++";
				CLANG_ENABLE_MODULES = YES;
				CLANG_ENABLE_OBJC_ARC = YES;
				CLANG_ENABLE_OBJC_WEAK = YES;
				CLANG_WARN_BLOCK_CAPTURE_AUTORELEASING = YES;
				CLANG_WARN_BOOL_CONVERSION = YES;
				CLANG_WARN_COMMA = YES;
				CLANG_WARN_CONSTANT_CONVERSION = YES;
				CLANG_WARN_DEPRECATED_OBJC_IMPLEMENTATIONS = YES;
				CLANG_WARN_DIRECT_OBJC_ISA_USAGE = YES_ERROR;
				CLANG_WARN_DOCUMENTATION_COMMENTS = YES;
				CLANG_WARN_EMPTY_BODY = YES;
				CLANG_WARN_ENUM_CONVERSION = YES;
				CLANG_WARN_INFINITE_RECURSION = YES;
				CLANG_WARN_INT_CONVERSION = YES;
				CLANG_WARN_NON_LITERAL_NULL_CONVERSION = YES;
				CLANG_WARN_OBJC_IMPLICIT_RETAIN_SELF = YES;
				CLANG_WARN_OBJC_LITERAL_CONVERSION = YES;
				CLANG_WARN_OBJC_ROOT_CLASS = YES_ERROR;
				CLANG_WARN_RANGE_LOOP_ANALYSIS = YES;
				CLANG_WARN_STRICT_PROTOTYPES = YES;
				CLANG_WARN_SUSPICIOUS_MOVE = YES;
				CLANG_WARN_UNGUARDED_AVAILABILITY = YES_AGGRESSIVE;
				CLANG_WARN_UNREACHABLE_CODE = YES;
				CLANG_WARN__DUPLICATE_METHOD_MATCH = YES;
				COPY_PHASE_STRIP = NO;
				DEBUG_INFORMATION_FORMAT = dwarf;
				ENABLE_STRICT_OBJC_MSGSEND = YES;
				ENABLE_TESTABILITY = YES;
				GCC_C_LANGUAGE_STANDARD = gnu11;
				GCC_DYNAMIC_NO_PIC = NO;
				GCC_NO_COMMON_BLOCKS = YES;
				GCC_OPTIMIZATION_LEVEL = 0;
				GCC_PREPROCESSOR_DEFINITIONS = (
					"DEBUG=1",
					"$(inherited)",
				);
				GCC_WARN_64_TO_32_BIT_CONVERSION = YES;
				GCC_WARN_ABOUT_RETURN_TYPE = YES_ERROR;
				GCC_WARN_UNDECLARED_SELECTOR = YES;
				GCC_WARN_UNINITIALIZED_AUTOS = YES_AGGRESSIVE;
				GCC_WARN_UNUSED_FUNCTION = YES;
				GCC_WARN_UNUSED_VARIABLE = YES;
				IPHONEOS_DEPLOYMENT_TARGET = 13.0;
				MTL_ENABLE_DEBUG_INFO = INCLUDE_SOURCE;
				MTL_FAST_MATH = YES;
				ONLY_ACTIVE_ARCH = YES;
				SDKROOT = iphoneos;
				SWIFT_ACTIVE_COMPILATION_CONDITIONS = DEBUG;
				SWIFT_OPTIMIZATION_LEVEL = "-Onone";
			};
			name = Debug;
		};
		448301BA248658E600219659 /* Release */ = {
			isa = XCBuildConfiguration;
			buildSettings = {
				ALWAYS_SEARCH_USER_PATHS = NO;
				CLANG_ANALYZER_NONNULL = YES;
				CLANG_ANALYZER_NUMBER_OBJECT_CONVERSION = YES_AGGRESSIVE;
				CLANG_CXX_LANGUAGE_STANDARD = "gnu++14";
				CLANG_CXX_LIBRARY = "libc++";
				CLANG_ENABLE_MODULES = YES;
				CLANG_ENABLE_OBJC_ARC = YES;
				CLANG_ENABLE_OBJC_WEAK = YES;
				CLANG_WARN_BLOCK_CAPTURE_AUTORELEASING = YES;
				CLANG_WARN_BOOL_CONVERSION = YES;
				CLANG_WARN_COMMA = YES;
				CLANG_WARN_CONSTANT_CONVERSION = YES;
				CLANG_WARN_DEPRECATED_OBJC_IMPLEMENTATIONS = YES;
				CLANG_WARN_DIRECT_OBJC_ISA_USAGE = YES_ERROR;
				CLANG_WARN_DOCUMENTATION_COMMENTS = YES;
				CLANG_WARN_EMPTY_BODY = YES;
				CLANG_WARN_ENUM_CONVERSION = YES;
				CLANG_WARN_INFINITE_RECURSION = YES;
				CLANG_WARN_INT_CONVERSION = YES;
				CLANG_WARN_NON_LITERAL_NULL_CONVERSION = YES;
				CLANG_WARN_OBJC_IMPLICIT_RETAIN_SELF = YES;
				CLANG_WARN_OBJC_LITERAL_CONVERSION = YES;
				CLANG_WARN_OBJC_ROOT_CLASS = YES_ERROR;
				CLANG_WARN_RANGE_LOOP_ANALYSIS = YES;
				CLANG_WARN_STRICT_PROTOTYPES = YES;
				CLANG_WARN_SUSPICIOUS_MOVE = YES;
				CLANG_WARN_UNGUARDED_AVAILABILITY = YES_AGGRESSIVE;
				CLANG_WARN_UNREACHABLE_CODE = YES;
				CLANG_WARN__DUPLICATE_METHOD_MATCH = YES;
				COPY_PHASE_STRIP = NO;
				DEBUG_INFORMATION_FORMAT = "dwarf-with-dsym";
				ENABLE_NS_ASSERTIONS = NO;
				ENABLE_STRICT_OBJC_MSGSEND = YES;
				GCC_C_LANGUAGE_STANDARD = gnu11;
				GCC_NO_COMMON_BLOCKS = YES;
				GCC_WARN_64_TO_32_BIT_CONVERSION = YES;
				GCC_WARN_ABOUT_RETURN_TYPE = YES_ERROR;
				GCC_WARN_UNDECLARED_SELECTOR = YES;
				GCC_WARN_UNINITIALIZED_AUTOS = YES_AGGRESSIVE;
				GCC_WARN_UNUSED_FUNCTION = YES;
				GCC_WARN_UNUSED_VARIABLE = YES;
				IPHONEOS_DEPLOYMENT_TARGET = 13.0;
				MTL_ENABLE_DEBUG_INFO = NO;
				MTL_FAST_MATH = YES;
				SDKROOT = iphoneos;
				SWIFT_COMPILATION_MODE = wholemodule;
				SWIFT_OPTIMIZATION_LEVEL = "-O";
				VALIDATE_PRODUCT = YES;
			};
			name = Release;
		};
		448301BC248658E600219659 /* Debug */ = {
			isa = XCBuildConfiguration;
			buildSettings = {
				ASSETCATALOG_COMPILER_APPICON_NAME = AppIcon;
				CODE_SIGN_STYLE = Automatic;
				DEVELOPMENT_TEAM = 9W5STY688V;
				INFOPLIST_FILE = page_tab_ios/Info.plist;
				LD_RUNPATH_SEARCH_PATHS = (
					"$(inherited)",
					"@executable_path/Frameworks",
				);
				PRODUCT_BUNDLE_IDENTIFIER = "dheerajdev.page-tab-ios";
				PRODUCT_NAME = "$(TARGET_NAME)";
				SWIFT_VERSION = 5.0;
				TARGETED_DEVICE_FAMILY = "1,2";
			};
			name = Debug;
		};
		448301BD248658E600219659 /* Release */ = {
			isa = XCBuildConfiguration;
			buildSettings = {
				ASSETCATALOG_COMPILER_APPICON_NAME = AppIcon;
				CODE_SIGN_STYLE = Automatic;
				DEVELOPMENT_TEAM = 9W5STY688V;
				INFOPLIST_FILE = page_tab_ios/Info.plist;
				LD_RUNPATH_SEARCH_PATHS = (
					"$(inherited)",
					"@executable_path/Frameworks",
				);
				PRODUCT_BUNDLE_IDENTIFIER = "dheerajdev.page-tab-ios";
				PRODUCT_NAME = "$(TARGET_NAME)";
				SWIFT_VERSION = 5.0;
				TARGETED_DEVICE_FAMILY = "1,2";
			};
			name = Release;
		};
/* End XCBuildConfiguration section */

/* Begin XCConfigurationList section */
		448301A2248658E000219659 /* Build configuration list for PBXProject "page_tab_ios" */ = {
			isa = XCConfigurationList;
			buildConfigurations = (
				448301B9248658E600219659 /* Debug */,
				448301BA248658E600219659 /* Release */,
			);
			defaultConfigurationIsVisible = 0;
			defaultConfigurationName = Release;
		};
		448301BB248658E600219659 /* Build configuration list for PBXNativeTarget "page_tab_ios" */ = {
			isa = XCConfigurationList;
			buildConfigurations = (
				448301BC248658E600219659 /* Debug */,
				448301BD248658E600219659 /* Release */,
			);
			defaultConfigurationIsVisible = 0;
			defaultConfigurationName = Release;
		};
/* End XCConfigurationList section */
	};
	rootObject = 4483019F248658E000219659 /* Project object */;
}
